
Microsoft Visual Studio Solution File, Format Version 12.00
# Visual Studio Version 16
VisualStudioVersion = 16.0.29806.167
MinimumVisualStudioVersion = 10.0.40219.1
Project("{8BC9CEB8-8B4A-11D0-8D11-00A0C91BC942}") = "Client", "Client\Client.vcxproj", "{12623582-0B07-4F89-BB4C-34A53733D691}"
EndProject
Project("{8BC9CEB8-8B4A-11D0-8D11-00A0C91BC942}") = "Client2", "Client2\Client2.vcxproj", "{4A05BA2A-3B78-41B9-A83F-75D44BB37608}"
EndProject
Project("{8BC9CEB8-8B4A-11D0-8D11-00A0C91BC942}") = "Server", "Server\Server.vcxproj", "{6C8899EE-50F8-411B-99F0-FC1B83EE35CB}"
EndProject
Project("{8BC9CEB8-8B4A-11D0-8D11-00A0C91BC942}") = "ClientSendFloat", "ClientSendFloat\ClientSendFloat.vcxproj", "{E26635A3-A5B6-4887-BAD0-A94320FF78AC}"
EndProject
Project("{8BC9CEB8-8B4A-11D0-8D11-00A0C91BC942}") = "ServerFloat", "ServerFloat\ServerFloat.vcxproj", "{3B6242E5-5182-410F-95A5-6D9B1DC1A9EB}"
EndProject
Project("{8BC9CEB8-8B4A-11D0-8D11-00A0C91BC942}") = "FileSender", "FileSender\FileSender.vcxproj", "{2B239A40-0F17-41A2-A5F8-2220A9D2E1F5}"
EndProject
Project("{8BC9CEB8-8B4A-11D0-8D11-00A0C91BC942}") = "FileReceiver", "FileReceiver\FileReceiver.vcxproj", "{D0B6766F-1183-43E7-B010-E076F454AC17}"
EndProject
Project("{8BC9CEB8-8B4A-11D0-8D11-00A0C91BC942}") = "TCPClient", "TCPClient\TCPClient.vcxproj", "{D9B42DB7-3CFE-47DB-BDF7-C6B030C833BD}"
EndProject
Project("{8BC9CEB8-8B4A-11D0-8D11-00A0C91BC942}") = "TCPServer", "TCPServer\TCPServer.vcxproj", "{B36669D5-D647-44C6-978D-55D4B9E7C25B}"
EndProject
Project("{8BC9CEB8-8B4A-11D0-8D11-00A0C91BC942}") = "clientinfo", "clientinfo\clientinfo.vcxproj", "{CC57B9B1-904E-4927-BDDF-D604680EE09F}"
EndProject
Project("{8BC9CEB8-8B4A-11D0-8D11-00A0C91BC942}") = "serverinfo", "serverinfo\serverinfo.vcxproj", "{77AAC529-7F64-4B17-8DDD-B32A4A573DF1}"
EndProject
Project("{8BC9CEB8-8B4A-11D0-8D11-00A0C91BC942}") = "Test", "Test\Test.vcxproj", "{DF7DF488-BC8C-40FF-B77B-768E364956DC}"
EndProject
Project("{8BC9CEB8-8B4A-11D0-8D11-00A0C91BC942}") = "FileWebServer", "FileWebServer\FileWebServer.vcxproj", "{3FB649F9-2B8D-443A-8705-3FFDC0A4B865}"
EndProject
Global
	GlobalSection(SolutionConfigurationPlatforms) = preSolution
		Debug|x64 = Debug|x64
		Debug|x86 = Debug|x86
		Release|x64 = Release|x64
		Release|x86 = Release|x86
	EndGlobalSection
	GlobalSection(ProjectConfigurationPlatforms) = postSolution
		{12623582-0B07-4F89-BB4C-34A53733D691}.Debug|x64.ActiveCfg = Debug|x64
		{12623582-0B07-4F89-BB4C-34A53733D691}.Debug|x64.Build.0 = Debug|x64
		{12623582-0B07-4F89-BB4C-34A53733D691}.Debug|x86.ActiveCfg = Debug|Win32
		{12623582-0B07-4F89-BB4C-34A53733D691}.Debug|x86.Build.0 = Debug|Win32
		{12623582-0B07-4F89-BB4C-34A53733D691}.Release|x64.ActiveCfg = Release|x64
		{12623582-0B07-4F89-BB4C-34A53733D691}.Release|x64.Build.0 = Release|x64
		{12623582-0B07-4F89-BB4C-34A53733D691}.Release|x86.ActiveCfg = Release|Win32
		{12623582-0B07-4F89-BB4C-34A53733D691}.Release|x86.Build.0 = Release|Win32
		{4A05BA2A-3B78-41B9-A83F-75D44BB37608}.Debug|x64.ActiveCfg = Debug|x64
		{4A05BA2A-3B78-41B9-A83F-75D44BB37608}.Debug|x64.Build.0 = Debug|x64
		{4A05BA2A-3B78-41B9-A83F-75D44BB37608}.Debug|x86.ActiveCfg = Debug|Win32
		{4A05BA2A-3B78-41B9-A83F-75D44BB37608}.Debug|x86.Build.0 = Debug|Win32
		{4A05BA2A-3B78-41B9-A83F-75D44BB37608}.Release|x64.ActiveCfg = Release|x64
		{4A05BA2A-3B78-41B9-A83F-75D44BB37608}.Release|x64.Build.0 = Release|x64
		{4A05BA2A-3B78-41B9-A83F-75D44BB37608}.Release|x86.ActiveCfg = Release|Win32
		{4A05BA2A-3B78-41B9-A83F-75D44BB37608}.Release|x86.Build.0 = Release|Win32
		{6C8899EE-50F8-411B-99F0-FC1B83EE35CB}.Debug|x64.ActiveCfg = Debug|x64
		{6C8899EE-50F8-411B-99F0-FC1B83EE35CB}.Debug|x64.Build.0 = Debug|x64
		{6C8899EE-50F8-411B-99F0-FC1B83EE35CB}.Debug|x86.ActiveCfg = Debug|Win32
		{6C8899EE-50F8-411B-99F0-FC1B83EE35CB}.Debug|x86.Build.0 = Debug|Win32
		{6C8899EE-50F8-411B-99F0-FC1B83EE35CB}.Release|x64.ActiveCfg = Release|x64
		{6C8899EE-50F8-411B-99F0-FC1B83EE35CB}.Release|x64.Build.0 = Release|x64
		{6C8899EE-50F8-411B-99F0-FC1B83EE35CB}.Release|x86.ActiveCfg = Release|Win32
		{6C8899EE-50F8-411B-99F0-FC1B83EE35CB}.Release|x86.Build.0 = Release|Win32
		{E26635A3-A5B6-4887-BAD0-A94320FF78AC}.Debug|x64.ActiveCfg = Debug|x64
		{E26635A3-A5B6-4887-BAD0-A94320FF78AC}.Debug|x64.Build.0 = Debug|x64
		{E26635A3-A5B6-4887-BAD0-A94320FF78AC}.Debug|x86.ActiveCfg = Debug|Win32
		{E26635A3-A5B6-4887-BAD0-A94320FF78AC}.Debug|x86.Build.0 = Debug|Win32
		{E26635A3-A5B6-4887-BAD0-A94320FF78AC}.Release|x64.ActiveCfg = Release|x64
		{E26635A3-A5B6-4887-BAD0-A94320FF78AC}.Release|x64.Build.0 = Release|x64
		{E26635A3-A5B6-4887-BAD0-A94320FF78AC}.Release|x86.ActiveCfg = Release|Win32
		{E26635A3-A5B6-4887-BAD0-A94320FF78AC}.Release|x86.Build.0 = Release|Win32
		{3B6242E5-5182-410F-95A5-6D9B1DC1A9EB}.Debug|x64.ActiveCfg = Debug|x64
		{3B6242E5-5182-410F-95A5-6D9B1DC1A9EB}.Debug|x64.Build.0 = Debug|x64
		{3B6242E5-5182-410F-95A5-6D9B1DC1A9EB}.Debug|x86.ActiveCfg = Debug|Win32
		{3B6242E5-5182-410F-95A5-6D9B1DC1A9EB}.Debug|x86.Build.0 = Debug|Win32
		{3B6242E5-5182-410F-95A5-6D9B1DC1A9EB}.Release|x64.ActiveCfg = Release|x64
		{3B6242E5-5182-410F-95A5-6D9B1DC1A9EB}.Release|x64.Build.0 = Release|x64
		{3B6242E5-5182-410F-95A5-6D9B1DC1A9EB}.Release|x86.ActiveCfg = Release|Win32
		{3B6242E5-5182-410F-95A5-6D9B1DC1A9EB}.Release|x86.Build.0 = Release|Win32
		{2B239A40-0F17-41A2-A5F8-2220A9D2E1F5}.Debug|x64.ActiveCfg = Debug|x64
		{2B239A40-0F17-41A2-A5F8-2220A9D2E1F5}.Debug|x64.Build.0 = Debug|x64
		{2B239A40-0F17-41A2-A5F8-2220A9D2E1F5}.Debug|x86.ActiveCfg = Debug|Win32
		{2B239A40-0F17-41A2-A5F8-2220A9D2E1F5}.Debug|x86.Build.0 = Debug|Win32
		{2B239A40-0F17-41A2-A5F8-2220A9D2E1F5}.Release|x64.ActiveCfg = Release|x64
		{2B239A40-0F17-41A2-A5F8-2220A9D2E1F5}.Release|x64.Build.0 = Release|x64
		{2B239A40-0F17-41A2-A5F8-2220A9D2E1F5}.Release|x86.ActiveCfg = Release|Win32
		{2B239A40-0F17-41A2-A5F8-2220A9D2E1F5}.Release|x86.Build.0 = Release|Win32
		{D0B6766F-1183-43E7-B010-E076F454AC17}.Debug|x64.ActiveCfg = Debug|x64
		{D0B6766F-1183-43E7-B010-E076F454AC17}.Debug|x64.Build.0 = Debug|x64
		{D0B6766F-1183-43E7-B010-E076F454AC17}.Debug|x86.ActiveCfg = Debug|Win32
		{D0B6766F-1183-43E7-B010-E076F454AC17}.Debug|x86.Build.0 = Debug|Win32
		{D0B6766F-1183-43E7-B010-E076F454AC17}.Release|x64.ActiveCfg = Release|x64
		{D0B6766F-1183-43E7-B010-E076F454AC17}.Release|x64.Build.0 = Release|x64
		{D0B6766F-1183-43E7-B010-E076F454AC17}.Release|x86.ActiveCfg = Release|Win32
		{D0B6766F-1183-43E7-B010-E076F454AC17}.Release|x86.Build.0 = Release|Win32
		{D9B42DB7-3CFE-47DB-BDF7-C6B030C833BD}.Debug|x64.ActiveCfg = Debug|x64
		{D9B42DB7-3CFE-47DB-BDF7-C6B030C833BD}.Debug|x64.Build.0 = Debug|x64
		{D9B42DB7-3CFE-47DB-BDF7-C6B030C833BD}.Debug|x86.ActiveCfg = Debug|Win32
		{D9B42DB7-3CFE-47DB-BDF7-C6B030C833BD}.Debug|x86.Build.0 = Debug|Win32
		{D9B42DB7-3CFE-47DB-BDF7-C6B030C833BD}.Release|x64.ActiveCfg = Release|x64
		{D9B42DB7-3CFE-47DB-BDF7-C6B030C833BD}.Release|x64.Build.0 = Release|x64
		{D9B42DB7-3CFE-47DB-BDF7-C6B030C833BD}.Release|x86.ActiveCfg = Release|Win32
		{D9B42DB7-3CFE-47DB-BDF7-C6B030C833BD}.Release|x86.Build.0 = Release|Win32
		{B36669D5-D647-44C6-978D-55D4B9E7C25B}.Debug|x64.ActiveCfg = Debug|x64
		{B36669D5-D647-44C6-978D-55D4B9E7C25B}.Debug|x64.Build.0 = Debug|x64
		{B36669D5-D647-44C6-978D-55D4B9E7C25B}.Debug|x86.ActiveCfg = Debug|Win32
		{B36669D5-D647-44C6-978D-55D4B9E7C25B}.Debug|x86.Build.0 = Debug|Win32
		{B36669D5-D647-44C6-978D-55D4B9E7C25B}.Release|x64.ActiveCfg = Release|x64
		{B36669D5-D647-44C6-978D-55D4B9E7C25B}.Release|x64.Build.0 = Release|x64
		{B36669D5-D647-44C6-978D-55D4B9E7C25B}.Release|x86.ActiveCfg = Release|Win32
		{B36669D5-D647-44C6-978D-55D4B9E7C25B}.Release|x86.Build.0 = Release|Win32
		{CC57B9B1-904E-4927-BDDF-D604680EE09F}.Debug|x64.ActiveCfg = Debug|x64
		{CC57B9B1-904E-4927-BDDF-D604680EE09F}.Debug|x64.Build.0 = Debug|x64
		{CC57B9B1-904E-4927-BDDF-D604680EE09F}.Debug|x86.ActiveCfg = Debug|Win32
		{CC57B9B1-904E-4927-BDDF-D604680EE09F}.Debug|x86.Build.0 = Debug|Win32
		{CC57B9B1-904E-4927-BDDF-D604680EE09F}.Release|x64.ActiveCfg = Release|x64
		{CC57B9B1-904E-4927-BDDF-D604680EE09F}.Release|x64.Build.0 = Release|x64
		{CC57B9B1-904E-4927-BDDF-D604680EE09F}.Release|x86.ActiveCfg = Release|Win32
		{CC57B9B1-904E-4927-BDDF-D604680EE09F}.Release|x86.Build.0 = Release|Win32
		{77AAC529-7F64-4B17-8DDD-B32A4A573DF1}.Debug|x64.ActiveCfg = Debug|x64
		{77AAC529-7F64-4B17-8DDD-B32A4A573DF1}.Debug|x64.Build.0 = Debug|x64
		{77AAC529-7F64-4B17-8DDD-B32A4A573DF1}.Debug|x86.ActiveCfg = Debug|Win32
		{77AAC529-7F64-4B17-8DDD-B32A4A573DF1}.Debug|x86.Build.0 = Debug|Win32
		{77AAC529-7F64-4B17-8DDD-B32A4A573DF1}.Release|x64.ActiveCfg = Release|x64
		{77AAC529-7F64-4B17-8DDD-B32A4A573DF1}.Release|x64.Build.0 = Release|x64
		{77AAC529-7F64-4B17-8DDD-B32A4A573DF1}.Release|x86.ActiveCfg = Release|Win32
		{77AAC529-7F64-4B17-8DDD-B32A4A573DF1}.Release|x86.Build.0 = Release|Win32
		{DF7DF488-BC8C-40FF-B77B-768E364956DC}.Debug|x64.ActiveCfg = Debug|x64
		{DF7DF488-BC8C-40FF-B77B-768E364956DC}.Debug|x64.Build.0 = Debug|x64
		{DF7DF488-BC8C-40FF-B77B-768E364956DC}.Debug|x86.ActiveCfg = Debug|Win32
		{DF7DF488-BC8C-40FF-B77B-768E364956DC}.Debug|x86.Build.0 = Debug|Win32
		{DF7DF488-BC8C-40FF-B77B-768E364956DC}.Release|x64.ActiveCfg = Release|x64
		{DF7DF488-BC8C-40FF-B77B-768E364956DC}.Release|x64.Build.0 = Release|x64
		{DF7DF488-BC8C-40FF-B77B-768E364956DC}.Release|x86.ActiveCfg = Release|Win32
		{DF7DF488-BC8C-40FF-B77B-768E364956DC}.Release|x86.Build.0 = Release|Win32
		{3FB649F9-2B8D-443A-8705-3FFDC0A4B865}.Debug|x64.ActiveCfg = Debug|x64
		{3FB649F9-2B8D-443A-8705-3FFDC0A4B865}.Debug|x64.Build.0 = Debug|x64
		{3FB649F9-2B8D-443A-8705-3FFDC0A4B865}.Debug|x86.ActiveCfg = Debug|Win32
		{3FB649F9-2B8D-443A-8705-3FFDC0A4B865}.Debug|x86.Build.0 = Debug|Win32
		{3FB649F9-2B8D-443A-8705-3FFDC0A4B865}.Release|x64.ActiveCfg = Release|x64
		{3FB649F9-2B8D-443A-8705-3FFDC0A4B865}.Release|x64.Build.0 = Release|x64
		{3FB649F9-2B8D-443A-8705-3FFDC0A4B865}.Release|x86.ActiveCfg = Release|Win32
		{3FB649F9-2B8D-443A-8705-3FFDC0A4B865}.Release|x86.Build.0 = Release|Win32
	EndGlobalSection
	GlobalSection(SolutionProperties) = preSolution
		HideSolutionNode = FALSE
	EndGlobalSection
	GlobalSection(ExtensibilityGlobals) = postSolution
		SolutionGuid = {1160A372-2BCB-42A4-8E14-2AAF8D38FCFD}
	EndGlobalSection
EndGlobal
