<?xml version="1.0" encoding="utf-8"?>
<Project ToolsVersion="4.0" xmlns="http://schemas.microsoft.com/developer/msbuild/2003">
  <ItemGroup>
    <Filter Include="Source Files">
      <UniqueIdentifier>{4FC737F1-C7A5-4376-A066-2A32D752A2FF}</UniqueIdentifier>
      <Extensions>cpp;c;cc;cxx;def;odl;idl;hpj;bat;asm;asmx</Extensions>
    </Filter>
    <Filter Include="Header Files">
      <UniqueIdentifier>{93995380-89BD-4b04-88EB-625FBE52EBFB}</UniqueIdentifier>
      <Extensions>h;hh;hpp;hxx;hm;inl;inc;xsd</Extensions>
    </Filter>
    <Filter Include="Resource Files">
      <UniqueIdentifier>{D9D6E242-F8AF-46E4-B9FD-80ECBC20BA3E}</UniqueIdentifier>
      <Extensions>qrc;*</Extensions>
      <ParseFiles>false</ParseFiles>
    </Filter>
    <Filter Include="Form Files">
      <UniqueIdentifier>{99349809-55BA-4b9d-BF79-8FDBB0286EB3}</UniqueIdentifier>
      <Extensions>ui</Extensions>
    </Filter>
    <Filter Include="Resource Files">
      <UniqueIdentifier>{D9D6E242-F8AF-46E4-B9FD-80ECBC20BA3E}</UniqueIdentifier>
      <Extensions>qrc;*</Extensions>
      <ParseFiles>false</ParseFiles>
    </Filter>
  </ItemGroup>
  <ItemGroup>
    <ClCompile Include="main.cpp">
      <Filter>Source Files</Filter>
    </ClCompile>
    <ClCompile Include="LiteVoice.cpp">
      <Filter>Source Files</Filter>
    </ClCompile>
    <ClCompile Include="SingleChat.cpp">
      <Filter>Source Files</Filter>
    </ClCompile>
    <ClCompile Include="ConnServer.cpp">
      <Filter>Source Files</Filter>
    </ClCompile>
    <ClCompile Include="Member.cpp">
      <Filter>Source Files</Filter>
    </ClCompile>
    <ClCompile Include="Group.cpp">
      <Filter>Source Files</Filter>
    </ClCompile>
    <ClCompile Include="Message.cpp">
      <Filter>Source Files</Filter>
    </ClCompile>
    <ClCompile Include="Friend.cpp">
      <Filter>Source Files</Filter>
    </ClCompile>
    <ClCompile Include="User.cpp">
      <Filter>Source Files</Filter>
    </ClCompile>
    <ClCompile Include="TabHome.cpp">
      <Filter>Source Files</Filter>
    </ClCompile>
    <ClCompile Include="MessageItem.cpp">
      <Filter>Source Files</Filter>
    </ClCompile>
    <ClCompile Include="AvatarLabel.cpp">
      <Filter>Source Files</Filter>
    </ClCompile>
    <ClCompile Include="ConnectController.cpp">
      <Filter>Source Files</Filter>
    </ClCompile>
    <ClCompile Include="WorkerThread.cpp">
      <Filter>Source Files</Filter>
    </ClCompile>
    <ClCompile Include="ChatUI.cpp">
      <Filter>Source Files</Filter>
    </ClCompile>
  </ItemGroup>
  <ItemGroup>
    <QtMoc Include="LiteVoice.h">
      <Filter>Header Files</Filter>
    </QtMoc>
    <QtMoc Include="SingleChat.h">
      <Filter>Header Files</Filter>
    </QtMoc>
    <QtMoc Include="TabHome.h">
      <Filter>Header Files</Filter>
    </QtMoc>
    <QtMoc Include="MessageItem.h">
      <Filter>Header Files</Filter>
    </QtMoc>
    <QtMoc Include="AvatarLabel.h">
      <Filter>Header Files</Filter>
    </QtMoc>
    <QtMoc Include="WorkerThread.h">
      <Filter>Header Files</Filter>
    </QtMoc>
    <QtMoc Include="ChatUI.h">
      <Filter>Header Files</Filter>
    </QtMoc>
  </ItemGroup>
  <ItemGroup>
    <QtUic Include="LiteVoice.ui">
      <Filter>Form Files</Filter>
    </QtUic>
    <QtUic Include="SingleChat.ui">
      <Filter>Form Files</Filter>
    </QtUic>
    <QtUic Include="TabHome.ui">
      <Filter>Form Files</Filter>
    </QtUic>
    <QtUic Include="MessageItem.ui">
      <Filter>Form Files</Filter>
    </QtUic>
    <QtUic Include="ChatUI.ui">
      <Filter>Form Files</Filter>
    </QtUic>
  </ItemGroup>
  <ItemGroup>
    <QtRcc Include="LiteVoice.qrc">
      <Filter>Resource Files</Filter>
    </QtRcc>
  </ItemGroup>
  <ItemGroup>
    <ClInclude Include="Member.h">
      <Filter>Header Files</Filter>
    </ClInclude>
    <ClInclude Include="Group.h">
      <Filter>Header Files</Filter>
    </ClInclude>
    <ClInclude Include="Message.h">
      <Filter>Header Files</Filter>
    </ClInclude>
    <ClInclude Include="Friend.h">
      <Filter>Header Files</Filter>
    </ClInclude>
    <ClInclude Include="User.h">
      <Filter>Header Files</Filter>
    </ClInclude>
    <ClInclude Include="ConnServer.h">
      <Filter>Header Files</Filter>
    </ClInclude>
    <ClInclude Include="ConnectController.h">
      <Filter>Header Files</Filter>
    </ClInclude>
  </ItemGroup>
  <ItemGroup>
    <None Include="cpp.hint" />
  </ItemGroup>
</Project>